
Microsoft Visual Studio Solution File, Format Version 12.00
# Visual Studio Version 16
VisualStudioVersion = 16.0.31702.278
MinimumVisualStudioVersion = 10.0.40219.1
Project("{FAE04EC0-301F-11D3-BF4B-00C04F79EFBC}") = "Practice", "Practice\Practice.csproj", "{81CB9601-96B0-431A-98B6-9378CF21A3C7}"
EndProject
Global
	GlobalSection(SolutionConfigurationPlatforms) = preSolution
		Debug|Any CPU = Debug|Any CPU
		Release|Any CPU = Release|Any CPU
	EndGlobalSection
	GlobalSection(ProjectConfigurationPlatforms) = postSolution
		{81CB9601-96B0-431A-98B6-9378CF21A3C7}.Debug|Any CPU.ActiveCfg = Debug|Any CPU
		{81CB9601-96B0-431A-98B6-9378CF21A3C7}.Debug|Any CPU.Build.0 = Debug|Any CPU
		{81CB9601-96B0-431A-98B6-9378CF21A3C7}.Release|Any CPU.ActiveCfg = Release|Any CPU
		{81CB9601-96B0-431A-98B6-9378CF21A3C7}.Release|Any CPU.Build.0 = Release|Any CPU
	EndGlobalSection
	GlobalSection(SolutionProperties) = preSolution
		HideSolutionNode = FALSE
	EndGlobalSection
	GlobalSection(ExtensibilityGlobals) = postSolution
		SolutionGuid = {4BF26F24-93F7-4509-B84A-7E21C558D65B}
	EndGlobalSection
EndGlobal
